
Microsoft Visual Studio Solution File, Format Version 12.00
# Visual Studio Version 17
VisualStudioVersion = 17.9.34728.123
MinimumVisualStudioVersion = 10.0.40219.1
Project("{FAE04EC0-301F-11D3-BF4B-00C04F79EFBC}") = "EF_PROYECT", "EF_PROYECT\EF_PROYECT.csproj", "{CAE95DAE-CBAE-4044-A898-F10E228054D2}"
EndProject
Global
	GlobalSection(SolutionConfigurationPlatforms) = preSolution
		Debug|Any CPU = Debug|Any CPU
		Release|Any CPU = Release|Any CPU
	EndGlobalSection
	GlobalSection(ProjectConfigurationPlatforms) = postSolution
		{CAE95DAE-CBAE-4044-A898-F10E228054D2}.Debug|Any CPU.ActiveCfg = Debug|Any CPU
		{CAE95DAE-CBAE-4044-A898-F10E228054D2}.Debug|Any CPU.Build.0 = Debug|Any CPU
		{CAE95DAE-CBAE-4044-A898-F10E228054D2}.Release|Any CPU.ActiveCfg = Release|Any CPU
		{CAE95DAE-CBAE-4044-A898-F10E228054D2}.Release|Any CPU.Build.0 = Release|Any CPU
	EndGlobalSection
	GlobalSection(SolutionProperties) = preSolution
		HideSolutionNode = FALSE
	EndGlobalSection
	GlobalSection(ExtensibilityGlobals) = postSolution
		SolutionGuid = {2B6F80BB-2034-4CD5-A58B-22B36C36D92D}
	EndGlobalSection
EndGlobal
